("quicklisp" .
 (:class qlot/source/dist:source-dist
  :initargs (:distribution "http://beta.quicklisp.org/dist/quicklisp.txt" :%version :latest)
  :version "2020-09-25"))
("ultralisp" .
 (:class qlot/source/dist:source-dist
  :initargs (:distribution "http://dist.ultralisp.org/" :%version :latest)
  :version "20201012185004"))
("cl-json" .
 (:class qlot/source/github:source-github
  :initargs (:repos "hankhero/cl-json" :ref nil :branch nil :tag nil)
  :version "github-b93881029907ef17eb53754c9f0f4e3e"))
